
Microsoft Visual Studio Solution File, Format Version 12.00
# Visual Studio 2013
VisualStudioVersion = 12.0.30110.0
MinimumVisualStudioVersion = 10.0.40219.1
Project("{2150E333-8FDC-42A3-9474-1A3956D46DE8}") = "Solution Items", "Solution Items", "{C33B2BF5-4233-4D91-9609-6026C17F808C}"
	ProjectSection(SolutionItems) = preProject
		Local.testsettings = Local.testsettings
		Protell.vsmdi = Protell.vsmdi
		TraceAndTestImpact.testsettings = TraceAndTestImpact.testsettings
	EndProjectSection
EndProject
Project("{FAE04EC0-301F-11D3-BF4B-00C04F79EFBC}") = "Protell.UI", "Protell.UI\Protell.UI.csproj", "{3480443A-AFA6-441C-9454-FBCD5599FF3A}"
EndProject
Project("{FAE04EC0-301F-11D3-BF4B-00C04F79EFBC}") = "Protell.ViewModel", "Protell.ViewModel\Protell.ViewModel.csproj", "{A294FF79-81CE-4198-BBD8-A299581C0350}"
EndProject
Project("{FAE04EC0-301F-11D3-BF4B-00C04F79EFBC}") = "Protell.Model", "Protell.Model\Protell.Model.csproj", "{AB66EDF0-BC58-42A8-9ABB-35BEFD6318B6}"
EndProject
Project("{FAE04EC0-301F-11D3-BF4B-00C04F79EFBC}") = "Protell.DAL", "Protell.DAL\Protell.DAL.csproj", "{E98518B0-8A0A-47B8-8905-7D765F0D2C88}"
EndProject
Project("{FAE04EC0-301F-11D3-BF4B-00C04F79EFBC}") = "Protell.Service", "Protell.Service\Protell.Service.csproj", "{F406330D-6379-4911-AAA5-44C3ADED34CC}"
EndProject
Project("{FAE04EC0-301F-11D3-BF4B-00C04F79EFBC}") = "Protell.Server.DAL", "Protell.Server.DAL\Protell.Server.DAL.csproj", "{8D302A8D-50A9-488B-812D-77C96073EFC3}"
EndProject
Project("{54435603-DBB4-11D2-8724-00A0C9A8B90C}") = "SistemaLluvias", "Setup\Setup.vdproj", "{3299E2C9-2D8E-4A11-B36D-EA38EDF7E6B7}"
EndProject
Project("{FAE04EC0-301F-11D3-BF4B-00C04F79EFBC}") = "Protell.Server.DALTests", "Protell.Server.DALTests\Protell.Server.DALTests.csproj", "{1D07606E-D726-45B9-8725-41125C6571A1}"
EndProject
Project("{FAE04EC0-301F-11D3-BF4B-00C04F79EFBC}") = "Protell.DALTests1", "Protell.DALTests1\Protell.DALTests1.csproj", "{F1FCDB69-9866-46FA-89B6-1DEF114AB708}"
EndProject
Project("{FAE04EC0-301F-11D3-BF4B-00C04F79EFBC}") = "Protell.ViewModelTests", "Protell.ViewModelTests\Protell.ViewModelTests.csproj", "{4229F79A-C529-4604-AAF6-DA4F61EF5176}"
EndProject
Project("{6141683F-8A12-4E36-9623-2EB02B2C2303}") = "SistemaLluvias2.0", "SistemaLluvias2.0\SistemaLluvias2.0.isproj", "{BF2C58C5-5D48-4FF4-84AD-DFDC4E38FA09}"
EndProject
Project("{54435603-DBB4-11D2-8724-00A0C9A8B90C}") = "Setup1", "Setup1\Setup1.vdproj", "{02193D59-5269-44FC-BA90-E2B2BED0200F}"
EndProject
Global
	GlobalSection(SolutionConfigurationPlatforms) = preSolution
		CD_ROM|Any CPU = CD_ROM|Any CPU
		CD_ROM|Mixed Platforms = CD_ROM|Mixed Platforms
		CD_ROM|x86 = CD_ROM|x86
		Debug|Any CPU = Debug|Any CPU
		Debug|Mixed Platforms = Debug|Mixed Platforms
		Debug|x86 = Debug|x86
		DVD-5|Any CPU = DVD-5|Any CPU
		DVD-5|Mixed Platforms = DVD-5|Mixed Platforms
		DVD-5|x86 = DVD-5|x86
		Release|Any CPU = Release|Any CPU
		Release|Mixed Platforms = Release|Mixed Platforms
		Release|x86 = Release|x86
		SingleImage|Any CPU = SingleImage|Any CPU
		SingleImage|Mixed Platforms = SingleImage|Mixed Platforms
		SingleImage|x86 = SingleImage|x86
	EndGlobalSection
	GlobalSection(ProjectConfigurationPlatforms) = postSolution
		{3480443A-AFA6-441C-9454-FBCD5599FF3A}.CD_ROM|Any CPU.ActiveCfg = Release|x86
		{3480443A-AFA6-441C-9454-FBCD5599FF3A}.CD_ROM|Mixed Platforms.ActiveCfg = Release|x86
		{3480443A-AFA6-441C-9454-FBCD5599FF3A}.CD_ROM|Mixed Platforms.Build.0 = Release|x86
		{3480443A-AFA6-441C-9454-FBCD5599FF3A}.CD_ROM|x86.ActiveCfg = Release|x86
		{3480443A-AFA6-441C-9454-FBCD5599FF3A}.CD_ROM|x86.Build.0 = Release|x86
		{3480443A-AFA6-441C-9454-FBCD5599FF3A}.Debug|Any CPU.ActiveCfg = Debug|x86
		{3480443A-AFA6-441C-9454-FBCD5599FF3A}.Debug|Mixed Platforms.ActiveCfg = Debug|x86
		{3480443A-AFA6-441C-9454-FBCD5599FF3A}.Debug|Mixed Platforms.Build.0 = Debug|x86
		{3480443A-AFA6-441C-9454-FBCD5599FF3A}.Debug|x86.ActiveCfg = Debug|x86
		{3480443A-AFA6-441C-9454-FBCD5599FF3A}.Debug|x86.Build.0 = Debug|x86
		{3480443A-AFA6-441C-9454-FBCD5599FF3A}.DVD-5|Any CPU.ActiveCfg = Debug|x86
		{3480443A-AFA6-441C-9454-FBCD5599FF3A}.DVD-5|Mixed Platforms.ActiveCfg = Debug|x86
		{3480443A-AFA6-441C-9454-FBCD5599FF3A}.DVD-5|Mixed Platforms.Build.0 = Debug|x86
		{3480443A-AFA6-441C-9454-FBCD5599FF3A}.DVD-5|x86.ActiveCfg = Debug|x86
		{3480443A-AFA6-441C-9454-FBCD5599FF3A}.DVD-5|x86.Build.0 = Debug|x86
		{3480443A-AFA6-441C-9454-FBCD5599FF3A}.Release|Any CPU.ActiveCfg = Release|x86
		{3480443A-AFA6-441C-9454-FBCD5599FF3A}.Release|Mixed Platforms.ActiveCfg = Release|x86
		{3480443A-AFA6-441C-9454-FBCD5599FF3A}.Release|Mixed Platforms.Build.0 = Release|x86
		{3480443A-AFA6-441C-9454-FBCD5599FF3A}.Release|x86.ActiveCfg = Release|x86
		{3480443A-AFA6-441C-9454-FBCD5599FF3A}.Release|x86.Build.0 = Release|x86
		{3480443A-AFA6-441C-9454-FBCD5599FF3A}.SingleImage|Any CPU.ActiveCfg = Release|x86
		{3480443A-AFA6-441C-9454-FBCD5599FF3A}.SingleImage|Mixed Platforms.ActiveCfg = Release|x86
		{3480443A-AFA6-441C-9454-FBCD5599FF3A}.SingleImage|Mixed Platforms.Build.0 = Release|x86
		{3480443A-AFA6-441C-9454-FBCD5599FF3A}.SingleImage|x86.ActiveCfg = Release|x86
		{3480443A-AFA6-441C-9454-FBCD5599FF3A}.SingleImage|x86.Build.0 = Release|x86
		{A294FF79-81CE-4198-BBD8-A299581C0350}.CD_ROM|Any CPU.ActiveCfg = Release|Any CPU
		{A294FF79-81CE-4198-BBD8-A299581C0350}.CD_ROM|Any CPU.Build.0 = Release|Any CPU
		{A294FF79-81CE-4198-BBD8-A299581C0350}.CD_ROM|Mixed Platforms.ActiveCfg = Release|Any CPU
		{A294FF79-81CE-4198-BBD8-A299581C0350}.CD_ROM|Mixed Platforms.Build.0 = Release|Any CPU
		{A294FF79-81CE-4198-BBD8-A299581C0350}.CD_ROM|x86.ActiveCfg = Release|Any CPU
		{A294FF79-81CE-4198-BBD8-A299581C0350}.Debug|Any CPU.ActiveCfg = Debug|Any CPU
		{A294FF79-81CE-4198-BBD8-A299581C0350}.Debug|Any CPU.Build.0 = Debug|Any CPU
		{A294FF79-81CE-4198-BBD8-A299581C0350}.Debug|Mixed Platforms.ActiveCfg = Debug|Any CPU
		{A294FF79-81CE-4198-BBD8-A299581C0350}.Debug|Mixed Platforms.Build.0 = Debug|Any CPU
		{A294FF79-81CE-4198-BBD8-A299581C0350}.Debug|x86.ActiveCfg = Debug|Any CPU
		{A294FF79-81CE-4198-BBD8-A299581C0350}.DVD-5|Any CPU.ActiveCfg = Debug|Any CPU
		{A294FF79-81CE-4198-BBD8-A299581C0350}.DVD-5|Any CPU.Build.0 = Debug|Any CPU
		{A294FF79-81CE-4198-BBD8-A299581C0350}.DVD-5|Mixed Platforms.ActiveCfg = Debug|Any CPU
		{A294FF79-81CE-4198-BBD8-A299581C0350}.DVD-5|Mixed Platforms.Build.0 = Debug|Any CPU
		{A294FF79-81CE-4198-BBD8-A299581C0350}.DVD-5|x86.ActiveCfg = Debug|Any CPU
		{A294FF79-81CE-4198-BBD8-A299581C0350}.Release|Any CPU.ActiveCfg = Release|Any CPU
		{A294FF79-81CE-4198-BBD8-A299581C0350}.Release|Any CPU.Build.0 = Release|Any CPU
		{A294FF79-81CE-4198-BBD8-A299581C0350}.Release|Mixed Platforms.ActiveCfg = Release|Any CPU
		{A294FF79-81CE-4198-BBD8-A299581C0350}.Release|Mixed Platforms.Build.0 = Release|Any CPU
		{A294FF79-81CE-4198-BBD8-A299581C0350}.Release|x86.ActiveCfg = Release|Any CPU
		{A294FF79-81CE-4198-BBD8-A299581C0350}.SingleImage|Any CPU.ActiveCfg = Release|Any CPU
		{A294FF79-81CE-4198-BBD8-A299581C0350}.SingleImage|Any CPU.Build.0 = Release|Any CPU
		{A294FF79-81CE-4198-BBD8-A299581C0350}.SingleImage|Mixed Platforms.ActiveCfg = Release|Any CPU
		{A294FF79-81CE-4198-BBD8-A299581C0350}.SingleImage|Mixed Platforms.Build.0 = Release|Any CPU
		{A294FF79-81CE-4198-BBD8-A299581C0350}.SingleImage|x86.ActiveCfg = Release|Any CPU
		{AB66EDF0-BC58-42A8-9ABB-35BEFD6318B6}.CD_ROM|Any CPU.ActiveCfg = Release|Any CPU
		{AB66EDF0-BC58-42A8-9ABB-35BEFD6318B6}.CD_ROM|Any CPU.Build.0 = Release|Any CPU
		{AB66EDF0-BC58-42A8-9ABB-35BEFD6318B6}.CD_ROM|Mixed Platforms.ActiveCfg = Release|Any CPU
		{AB66EDF0-BC58-42A8-9ABB-35BEFD6318B6}.CD_ROM|Mixed Platforms.Build.0 = Release|Any CPU
		{AB66EDF0-BC58-42A8-9ABB-35BEFD6318B6}.CD_ROM|x86.ActiveCfg = Release|Any CPU
		{AB66EDF0-BC58-42A8-9ABB-35BEFD6318B6}.Debug|Any CPU.ActiveCfg = Debug|Any CPU
		{AB66EDF0-BC58-42A8-9ABB-35BEFD6318B6}.Debug|Any CPU.Build.0 = Debug|Any CPU
		{AB66EDF0-BC58-42A8-9ABB-35BEFD6318B6}.Debug|Mixed Platforms.ActiveCfg = Debug|Any CPU
		{AB66EDF0-BC58-42A8-9ABB-35BEFD6318B6}.Debug|Mixed Platforms.Build.0 = Debug|Any CPU
		{AB66EDF0-BC58-42A8-9ABB-35BEFD6318B6}.Debug|x86.ActiveCfg = Debug|Any CPU
		{AB66EDF0-BC58-42A8-9ABB-35BEFD6318B6}.DVD-5|Any CPU.ActiveCfg = Debug|Any CPU
		{AB66EDF0-BC58-42A8-9ABB-35BEFD6318B6}.DVD-5|Any CPU.Build.0 = Debug|Any CPU
		{AB66EDF0-BC58-42A8-9ABB-35BEFD6318B6}.DVD-5|Mixed Platforms.ActiveCfg = Debug|Any CPU
		{AB66EDF0-BC58-42A8-9ABB-35BEFD6318B6}.DVD-5|Mixed Platforms.Build.0 = Debug|Any CPU
		{AB66EDF0-BC58-42A8-9ABB-35BEFD6318B6}.DVD-5|x86.ActiveCfg = Debug|Any CPU
		{AB66EDF0-BC58-42A8-9ABB-35BEFD6318B6}.Release|Any CPU.ActiveCfg = Release|Any CPU
		{AB66EDF0-BC58-42A8-9ABB-35BEFD6318B6}.Release|Any CPU.Build.0 = Release|Any CPU
		{AB66EDF0-BC58-42A8-9ABB-35BEFD6318B6}.Release|Mixed Platforms.ActiveCfg = Release|Any CPU
		{AB66EDF0-BC58-42A8-9ABB-35BEFD6318B6}.Release|Mixed Platforms.Build.0 = Release|Any CPU
		{AB66EDF0-BC58-42A8-9ABB-35BEFD6318B6}.Release|x86.ActiveCfg = Release|Any CPU
		{AB66EDF0-BC58-42A8-9ABB-35BEFD6318B6}.SingleImage|Any CPU.ActiveCfg = Release|Any CPU
		{AB66EDF0-BC58-42A8-9ABB-35BEFD6318B6}.SingleImage|Any CPU.Build.0 = Release|Any CPU
		{AB66EDF0-BC58-42A8-9ABB-35BEFD6318B6}.SingleImage|Mixed Platforms.ActiveCfg = Release|Any CPU
		{AB66EDF0-BC58-42A8-9ABB-35BEFD6318B6}.SingleImage|Mixed Platforms.Build.0 = Release|Any CPU
		{AB66EDF0-BC58-42A8-9ABB-35BEFD6318B6}.SingleImage|x86.ActiveCfg = Release|Any CPU
		{E98518B0-8A0A-47B8-8905-7D765F0D2C88}.CD_ROM|Any CPU.ActiveCfg = Release|Any CPU
		{E98518B0-8A0A-47B8-8905-7D765F0D2C88}.CD_ROM|Any CPU.Build.0 = Release|Any CPU
		{E98518B0-8A0A-47B8-8905-7D765F0D2C88}.CD_ROM|Mixed Platforms.ActiveCfg = Release|Any CPU
		{E98518B0-8A0A-47B8-8905-7D765F0D2C88}.CD_ROM|Mixed Platforms.Build.0 = Release|Any CPU
		{E98518B0-8A0A-47B8-8905-7D765F0D2C88}.CD_ROM|x86.ActiveCfg = Release|Any CPU
		{E98518B0-8A0A-47B8-8905-7D765F0D2C88}.Debug|Any CPU.ActiveCfg = Debug|Any CPU
		{E98518B0-8A0A-47B8-8905-7D765F0D2C88}.Debug|Any CPU.Build.0 = Debug|Any CPU
		{E98518B0-8A0A-47B8-8905-7D765F0D2C88}.Debug|Mixed Platforms.ActiveCfg = Debug|Any CPU
		{E98518B0-8A0A-47B8-8905-7D765F0D2C88}.Debug|Mixed Platforms.Build.0 = Debug|Any CPU
		{E98518B0-8A0A-47B8-8905-7D765F0D2C88}.Debug|x86.ActiveCfg = Debug|Any CPU
		{E98518B0-8A0A-47B8-8905-7D765F0D2C88}.DVD-5|Any CPU.ActiveCfg = Debug|Any CPU
		{E98518B0-8A0A-47B8-8905-7D765F0D2C88}.DVD-5|Any CPU.Build.0 = Debug|Any CPU
		{E98518B0-8A0A-47B8-8905-7D765F0D2C88}.DVD-5|Mixed Platforms.ActiveCfg = Debug|Any CPU
		{E98518B0-8A0A-47B8-8905-7D765F0D2C88}.DVD-5|Mixed Platforms.Build.0 = Debug|Any CPU
		{E98518B0-8A0A-47B8-8905-7D765F0D2C88}.DVD-5|x86.ActiveCfg = Debug|Any CPU
		{E98518B0-8A0A-47B8-8905-7D765F0D2C88}.Release|Any CPU.ActiveCfg = Release|Any CPU
		{E98518B0-8A0A-47B8-8905-7D765F0D2C88}.Release|Any CPU.Build.0 = Release|Any CPU
		{E98518B0-8A0A-47B8-8905-7D765F0D2C88}.Release|Mixed Platforms.ActiveCfg = Release|Any CPU
		{E98518B0-8A0A-47B8-8905-7D765F0D2C88}.Release|Mixed Platforms.Build.0 = Release|Any CPU
		{E98518B0-8A0A-47B8-8905-7D765F0D2C88}.Release|x86.ActiveCfg = Release|Any CPU
		{E98518B0-8A0A-47B8-8905-7D765F0D2C88}.SingleImage|Any CPU.ActiveCfg = Release|Any CPU
		{E98518B0-8A0A-47B8-8905-7D765F0D2C88}.SingleImage|Any CPU.Build.0 = Release|Any CPU
		{E98518B0-8A0A-47B8-8905-7D765F0D2C88}.SingleImage|Mixed Platforms.ActiveCfg = Release|Any CPU
		{E98518B0-8A0A-47B8-8905-7D765F0D2C88}.SingleImage|Mixed Platforms.Build.0 = Release|Any CPU
		{E98518B0-8A0A-47B8-8905-7D765F0D2C88}.SingleImage|x86.ActiveCfg = Release|Any CPU
		{F406330D-6379-4911-AAA5-44C3ADED34CC}.CD_ROM|Any CPU.ActiveCfg = Release|Any CPU
		{F406330D-6379-4911-AAA5-44C3ADED34CC}.CD_ROM|Any CPU.Build.0 = Release|Any CPU
		{F406330D-6379-4911-AAA5-44C3ADED34CC}.CD_ROM|Mixed Platforms.ActiveCfg = Release|Any CPU
		{F406330D-6379-4911-AAA5-44C3ADED34CC}.CD_ROM|Mixed Platforms.Build.0 = Release|Any CPU
		{F406330D-6379-4911-AAA5-44C3ADED34CC}.CD_ROM|x86.ActiveCfg = Release|Any CPU
		{F406330D-6379-4911-AAA5-44C3ADED34CC}.Debug|Any CPU.ActiveCfg = Debug|Any CPU
		{F406330D-6379-4911-AAA5-44C3ADED34CC}.Debug|Any CPU.Build.0 = Debug|Any CPU
		{F406330D-6379-4911-AAA5-44C3ADED34CC}.Debug|Mixed Platforms.ActiveCfg = Debug|Any CPU
		{F406330D-6379-4911-AAA5-44C3ADED34CC}.Debug|Mixed Platforms.Build.0 = Debug|Any CPU
		{F406330D-6379-4911-AAA5-44C3ADED34CC}.Debug|x86.ActiveCfg = Debug|Any CPU
		{F406330D-6379-4911-AAA5-44C3ADED34CC}.DVD-5|Any CPU.ActiveCfg = Debug|Any CPU
		{F406330D-6379-4911-AAA5-44C3ADED34CC}.DVD-5|Any CPU.Build.0 = Debug|Any CPU
		{F406330D-6379-4911-AAA5-44C3ADED34CC}.DVD-5|Mixed Platforms.ActiveCfg = Debug|Any CPU
		{F406330D-6379-4911-AAA5-44C3ADED34CC}.DVD-5|Mixed Platforms.Build.0 = Debug|Any CPU
		{F406330D-6379-4911-AAA5-44C3ADED34CC}.DVD-5|x86.ActiveCfg = Debug|Any CPU
		{F406330D-6379-4911-AAA5-44C3ADED34CC}.Release|Any CPU.ActiveCfg = Release|Any CPU
		{F406330D-6379-4911-AAA5-44C3ADED34CC}.Release|Any CPU.Build.0 = Release|Any CPU
		{F406330D-6379-4911-AAA5-44C3ADED34CC}.Release|Mixed Platforms.ActiveCfg = Release|Any CPU
		{F406330D-6379-4911-AAA5-44C3ADED34CC}.Release|Mixed Platforms.Build.0 = Release|Any CPU
		{F406330D-6379-4911-AAA5-44C3ADED34CC}.Release|x86.ActiveCfg = Release|Any CPU
		{F406330D-6379-4911-AAA5-44C3ADED34CC}.SingleImage|Any CPU.ActiveCfg = Release|Any CPU
		{F406330D-6379-4911-AAA5-44C3ADED34CC}.SingleImage|Any CPU.Build.0 = Release|Any CPU
		{F406330D-6379-4911-AAA5-44C3ADED34CC}.SingleImage|Mixed Platforms.ActiveCfg = Release|Any CPU
		{F406330D-6379-4911-AAA5-44C3ADED34CC}.SingleImage|Mixed Platforms.Build.0 = Release|Any CPU
		{F406330D-6379-4911-AAA5-44C3ADED34CC}.SingleImage|x86.ActiveCfg = Release|Any CPU
		{8D302A8D-50A9-488B-812D-77C96073EFC3}.CD_ROM|Any CPU.ActiveCfg = Release|Any CPU
		{8D302A8D-50A9-488B-812D-77C96073EFC3}.CD_ROM|Any CPU.Build.0 = Release|Any CPU
		{8D302A8D-50A9-488B-812D-77C96073EFC3}.CD_ROM|Mixed Platforms.ActiveCfg = Release|Any CPU
		{8D302A8D-50A9-488B-812D-77C96073EFC3}.CD_ROM|Mixed Platforms.Build.0 = Release|Any CPU
		{8D302A8D-50A9-488B-812D-77C96073EFC3}.CD_ROM|x86.ActiveCfg = Release|Any CPU
		{8D302A8D-50A9-488B-812D-77C96073EFC3}.Debug|Any CPU.ActiveCfg = Debug|Any CPU
		{8D302A8D-50A9-488B-812D-77C96073EFC3}.Debug|Any CPU.Build.0 = Debug|Any CPU
		{8D302A8D-50A9-488B-812D-77C96073EFC3}.Debug|Mixed Platforms.ActiveCfg = Debug|Any CPU
		{8D302A8D-50A9-488B-812D-77C96073EFC3}.Debug|Mixed Platforms.Build.0 = Debug|Any CPU
		{8D302A8D-50A9-488B-812D-77C96073EFC3}.Debug|x86.ActiveCfg = Debug|Any CPU
		{8D302A8D-50A9-488B-812D-77C96073EFC3}.DVD-5|Any CPU.ActiveCfg = Debug|Any CPU
		{8D302A8D-50A9-488B-812D-77C96073EFC3}.DVD-5|Any CPU.Build.0 = Debug|Any CPU
		{8D302A8D-50A9-488B-812D-77C96073EFC3}.DVD-5|Mixed Platforms.ActiveCfg = Debug|Any CPU
		{8D302A8D-50A9-488B-812D-77C96073EFC3}.DVD-5|Mixed Platforms.Build.0 = Debug|Any CPU
		{8D302A8D-50A9-488B-812D-77C96073EFC3}.DVD-5|x86.ActiveCfg = Debug|Any CPU
		{8D302A8D-50A9-488B-812D-77C96073EFC3}.Release|Any CPU.ActiveCfg = Release|Any CPU
		{8D302A8D-50A9-488B-812D-77C96073EFC3}.Release|Any CPU.Build.0 = Release|Any CPU
		{8D302A8D-50A9-488B-812D-77C96073EFC3}.Release|Mixed Platforms.ActiveCfg = Release|Any CPU
		{8D302A8D-50A9-488B-812D-77C96073EFC3}.Release|Mixed Platforms.Build.0 = Release|Any CPU
		{8D302A8D-50A9-488B-812D-77C96073EFC3}.Release|x86.ActiveCfg = Release|Any CPU
		{8D302A8D-50A9-488B-812D-77C96073EFC3}.SingleImage|Any CPU.ActiveCfg = Release|Any CPU
		{8D302A8D-50A9-488B-812D-77C96073EFC3}.SingleImage|Any CPU.Build.0 = Release|Any CPU
		{8D302A8D-50A9-488B-812D-77C96073EFC3}.SingleImage|Mixed Platforms.ActiveCfg = Release|Any CPU
		{8D302A8D-50A9-488B-812D-77C96073EFC3}.SingleImage|Mixed Platforms.Build.0 = Release|Any CPU
		{8D302A8D-50A9-488B-812D-77C96073EFC3}.SingleImage|x86.ActiveCfg = Release|Any CPU
		{3299E2C9-2D8E-4A11-B36D-EA38EDF7E6B7}.CD_ROM|Any CPU.ActiveCfg = Release
		{3299E2C9-2D8E-4A11-B36D-EA38EDF7E6B7}.CD_ROM|Mixed Platforms.ActiveCfg = Release
		{3299E2C9-2D8E-4A11-B36D-EA38EDF7E6B7}.CD_ROM|x86.ActiveCfg = Release
		{3299E2C9-2D8E-4A11-B36D-EA38EDF7E6B7}.Debug|Any CPU.ActiveCfg = Debug
		{3299E2C9-2D8E-4A11-B36D-EA38EDF7E6B7}.Debug|Mixed Platforms.ActiveCfg = Debug
		{3299E2C9-2D8E-4A11-B36D-EA38EDF7E6B7}.Debug|x86.ActiveCfg = Debug
		{3299E2C9-2D8E-4A11-B36D-EA38EDF7E6B7}.DVD-5|Any CPU.ActiveCfg = Debug
		{3299E2C9-2D8E-4A11-B36D-EA38EDF7E6B7}.DVD-5|Mixed Platforms.ActiveCfg = Debug
		{3299E2C9-2D8E-4A11-B36D-EA38EDF7E6B7}.DVD-5|x86.ActiveCfg = Debug
		{3299E2C9-2D8E-4A11-B36D-EA38EDF7E6B7}.Release|Any CPU.ActiveCfg = Release
		{3299E2C9-2D8E-4A11-B36D-EA38EDF7E6B7}.Release|Mixed Platforms.ActiveCfg = Release
		{3299E2C9-2D8E-4A11-B36D-EA38EDF7E6B7}.Release|x86.ActiveCfg = Release
		{3299E2C9-2D8E-4A11-B36D-EA38EDF7E6B7}.SingleImage|Any CPU.ActiveCfg = Release
		{3299E2C9-2D8E-4A11-B36D-EA38EDF7E6B7}.SingleImage|Mixed Platforms.ActiveCfg = Release
		{3299E2C9-2D8E-4A11-B36D-EA38EDF7E6B7}.SingleImage|x86.ActiveCfg = Release
		{1D07606E-D726-45B9-8725-41125C6571A1}.CD_ROM|Any CPU.ActiveCfg = Release|Any CPU
		{1D07606E-D726-45B9-8725-41125C6571A1}.CD_ROM|Any CPU.Build.0 = Release|Any CPU
		{1D07606E-D726-45B9-8725-41125C6571A1}.CD_ROM|Mixed Platforms.ActiveCfg = Release|Any CPU
		{1D07606E-D726-45B9-8725-41125C6571A1}.CD_ROM|Mixed Platforms.Build.0 = Release|Any CPU
		{1D07606E-D726-45B9-8725-41125C6571A1}.CD_ROM|x86.ActiveCfg = Release|Any CPU
		{1D07606E-D726-45B9-8725-41125C6571A1}.Debug|Any CPU.ActiveCfg = Debug|Any CPU
		{1D07606E-D726-45B9-8725-41125C6571A1}.Debug|Any CPU.Build.0 = Debug|Any CPU
		{1D07606E-D726-45B9-8725-41125C6571A1}.Debug|Mixed Platforms.ActiveCfg = Debug|Any CPU
		{1D07606E-D726-45B9-8725-41125C6571A1}.Debug|Mixed Platforms.Build.0 = Debug|Any CPU
		{1D07606E-D726-45B9-8725-41125C6571A1}.Debug|x86.ActiveCfg = Debug|Any CPU
		{1D07606E-D726-45B9-8725-41125C6571A1}.DVD-5|Any CPU.ActiveCfg = Debug|Any CPU
		{1D07606E-D726-45B9-8725-41125C6571A1}.DVD-5|Any CPU.Build.0 = Debug|Any CPU
		{1D07606E-D726-45B9-8725-41125C6571A1}.DVD-5|Mixed Platforms.ActiveCfg = Debug|Any CPU
		{1D07606E-D726-45B9-8725-41125C6571A1}.DVD-5|Mixed Platforms.Build.0 = Debug|Any CPU
		{1D07606E-D726-45B9-8725-41125C6571A1}.DVD-5|x86.ActiveCfg = Debug|Any CPU
		{1D07606E-D726-45B9-8725-41125C6571A1}.Release|Any CPU.ActiveCfg = Release|Any CPU
		{1D07606E-D726-45B9-8725-41125C6571A1}.Release|Any CPU.Build.0 = Release|Any CPU
		{1D07606E-D726-45B9-8725-41125C6571A1}.Release|Mixed Platforms.ActiveCfg = Release|Any CPU
		{1D07606E-D726-45B9-8725-41125C6571A1}.Release|Mixed Platforms.Build.0 = Release|Any CPU
		{1D07606E-D726-45B9-8725-41125C6571A1}.Release|x86.ActiveCfg = Release|Any CPU
		{1D07606E-D726-45B9-8725-41125C6571A1}.SingleImage|Any CPU.ActiveCfg = Release|Any CPU
		{1D07606E-D726-45B9-8725-41125C6571A1}.SingleImage|Any CPU.Build.0 = Release|Any CPU
		{1D07606E-D726-45B9-8725-41125C6571A1}.SingleImage|Mixed Platforms.ActiveCfg = Release|Any CPU
		{1D07606E-D726-45B9-8725-41125C6571A1}.SingleImage|Mixed Platforms.Build.0 = Release|Any CPU
		{1D07606E-D726-45B9-8725-41125C6571A1}.SingleImage|x86.ActiveCfg = Release|Any CPU
		{F1FCDB69-9866-46FA-89B6-1DEF114AB708}.CD_ROM|Any CPU.ActiveCfg = Release|Any CPU
		{F1FCDB69-9866-46FA-89B6-1DEF114AB708}.CD_ROM|Any CPU.Build.0 = Release|Any CPU
		{F1FCDB69-9866-46FA-89B6-1DEF114AB708}.CD_ROM|Mixed Platforms.ActiveCfg = Release|Any CPU
		{F1FCDB69-9866-46FA-89B6-1DEF114AB708}.CD_ROM|Mixed Platforms.Build.0 = Release|Any CPU
		{F1FCDB69-9866-46FA-89B6-1DEF114AB708}.CD_ROM|x86.ActiveCfg = Release|Any CPU
		{F1FCDB69-9866-46FA-89B6-1DEF114AB708}.Debug|Any CPU.ActiveCfg = Debug|Any CPU
		{F1FCDB69-9866-46FA-89B6-1DEF114AB708}.Debug|Any CPU.Build.0 = Debug|Any CPU
		{F1FCDB69-9866-46FA-89B6-1DEF114AB708}.Debug|Mixed Platforms.ActiveCfg = Debug|Any CPU
		{F1FCDB69-9866-46FA-89B6-1DEF114AB708}.Debug|Mixed Platforms.Build.0 = Debug|Any CPU
		{F1FCDB69-9866-46FA-89B6-1DEF114AB708}.Debug|x86.ActiveCfg = Debug|Any CPU
		{F1FCDB69-9866-46FA-89B6-1DEF114AB708}.DVD-5|Any CPU.ActiveCfg = Debug|Any CPU
		{F1FCDB69-9866-46FA-89B6-1DEF114AB708}.DVD-5|Any CPU.Build.0 = Debug|Any CPU
		{F1FCDB69-9866-46FA-89B6-1DEF114AB708}.DVD-5|Mixed Platforms.ActiveCfg = Debug|Any CPU
		{F1FCDB69-9866-46FA-89B6-1DEF114AB708}.DVD-5|Mixed Platforms.Build.0 = Debug|Any CPU
		{F1FCDB69-9866-46FA-89B6-1DEF114AB708}.DVD-5|x86.ActiveCfg = Debug|Any CPU
		{F1FCDB69-9866-46FA-89B6-1DEF114AB708}.Release|Any CPU.ActiveCfg = Release|Any CPU
		{F1FCDB69-9866-46FA-89B6-1DEF114AB708}.Release|Any CPU.Build.0 = Release|Any CPU
		{F1FCDB69-9866-46FA-89B6-1DEF114AB708}.Release|Mixed Platforms.ActiveCfg = Release|Any CPU
		{F1FCDB69-9866-46FA-89B6-1DEF114AB708}.Release|Mixed Platforms.Build.0 = Release|Any CPU
		{F1FCDB69-9866-46FA-89B6-1DEF114AB708}.Release|x86.ActiveCfg = Release|Any CPU
		{F1FCDB69-9866-46FA-89B6-1DEF114AB708}.SingleImage|Any CPU.ActiveCfg = Release|Any CPU
		{F1FCDB69-9866-46FA-89B6-1DEF114AB708}.SingleImage|Any CPU.Build.0 = Release|Any CPU
		{F1FCDB69-9866-46FA-89B6-1DEF114AB708}.SingleImage|Mixed Platforms.ActiveCfg = Release|Any CPU
		{F1FCDB69-9866-46FA-89B6-1DEF114AB708}.SingleImage|Mixed Platforms.Build.0 = Release|Any CPU
		{F1FCDB69-9866-46FA-89B6-1DEF114AB708}.SingleImage|x86.ActiveCfg = Release|Any CPU
		{4229F79A-C529-4604-AAF6-DA4F61EF5176}.CD_ROM|Any CPU.ActiveCfg = Release|Any CPU
		{4229F79A-C529-4604-AAF6-DA4F61EF5176}.CD_ROM|Any CPU.Build.0 = Release|Any CPU
		{4229F79A-C529-4604-AAF6-DA4F61EF5176}.CD_ROM|Mixed Platforms.ActiveCfg = Release|Any CPU
		{4229F79A-C529-4604-AAF6-DA4F61EF5176}.CD_ROM|Mixed Platforms.Build.0 = Release|Any CPU
		{4229F79A-C529-4604-AAF6-DA4F61EF5176}.CD_ROM|x86.ActiveCfg = Release|Any CPU
		{4229F79A-C529-4604-AAF6-DA4F61EF5176}.Debug|Any CPU.ActiveCfg = Debug|Any CPU
		{4229F79A-C529-4604-AAF6-DA4F61EF5176}.Debug|Any CPU.Build.0 = Debug|Any CPU
		{4229F79A-C529-4604-AAF6-DA4F61EF5176}.Debug|Mixed Platforms.ActiveCfg = Debug|Any CPU
		{4229F79A-C529-4604-AAF6-DA4F61EF5176}.Debug|Mixed Platforms.Build.0 = Debug|Any CPU
		{4229F79A-C529-4604-AAF6-DA4F61EF5176}.Debug|x86.ActiveCfg = Debug|Any CPU
		{4229F79A-C529-4604-AAF6-DA4F61EF5176}.DVD-5|Any CPU.ActiveCfg = Debug|Any CPU
		{4229F79A-C529-4604-AAF6-DA4F61EF5176}.DVD-5|Any CPU.Build.0 = Debug|Any CPU
		{4229F79A-C529-4604-AAF6-DA4F61EF5176}.DVD-5|Mixed Platforms.ActiveCfg = Debug|Any CPU
		{4229F79A-C529-4604-AAF6-DA4F61EF5176}.DVD-5|Mixed Platforms.Build.0 = Debug|Any CPU
		{4229F79A-C529-4604-AAF6-DA4F61EF5176}.DVD-5|x86.ActiveCfg = Debug|Any CPU
		{4229F79A-C529-4604-AAF6-DA4F61EF5176}.Release|Any CPU.ActiveCfg = Release|Any CPU
		{4229F79A-C529-4604-AAF6-DA4F61EF5176}.Release|Any CPU.Build.0 = Release|Any CPU
		{4229F79A-C529-4604-AAF6-DA4F61EF5176}.Release|Mixed Platforms.ActiveCfg = Release|Any CPU
		{4229F79A-C529-4604-AAF6-DA4F61EF5176}.Release|Mixed Platforms.Build.0 = Release|Any CPU
		{4229F79A-C529-4604-AAF6-DA4F61EF5176}.Release|x86.ActiveCfg = Release|Any CPU
		{4229F79A-C529-4604-AAF6-DA4F61EF5176}.SingleImage|Any CPU.ActiveCfg = Release|Any CPU
		{4229F79A-C529-4604-AAF6-DA4F61EF5176}.SingleImage|Any CPU.Build.0 = Release|Any CPU
		{4229F79A-C529-4604-AAF6-DA4F61EF5176}.SingleImage|Mixed Platforms.ActiveCfg = Release|Any CPU
		{4229F79A-C529-4604-AAF6-DA4F61EF5176}.SingleImage|Mixed Platforms.Build.0 = Release|Any CPU
		{4229F79A-C529-4604-AAF6-DA4F61EF5176}.SingleImage|x86.ActiveCfg = Release|Any CPU
		{BF2C58C5-5D48-4FF4-84AD-DFDC4E38FA09}.CD_ROM|Any CPU.ActiveCfg = CD_ROM
		{BF2C58C5-5D48-4FF4-84AD-DFDC4E38FA09}.CD_ROM|Any CPU.Build.0 = CD_ROM
		{BF2C58C5-5D48-4FF4-84AD-DFDC4E38FA09}.CD_ROM|Mixed Platforms.ActiveCfg = CD_ROM
		{BF2C58C5-5D48-4FF4-84AD-DFDC4E38FA09}.CD_ROM|Mixed Platforms.Build.0 = CD_ROM
		{BF2C58C5-5D48-4FF4-84AD-DFDC4E38FA09}.CD_ROM|x86.ActiveCfg = CD_ROM
		{BF2C58C5-5D48-4FF4-84AD-DFDC4E38FA09}.CD_ROM|x86.Build.0 = CD_ROM
		{BF2C58C5-5D48-4FF4-84AD-DFDC4E38FA09}.Debug|Any CPU.ActiveCfg = DVD-5
		{BF2C58C5-5D48-4FF4-84AD-DFDC4E38FA09}.Debug|Any CPU.Build.0 = DVD-5
		{BF2C58C5-5D48-4FF4-84AD-DFDC4E38FA09}.Debug|Mixed Platforms.ActiveCfg = DVD-5
		{BF2C58C5-5D48-4FF4-84AD-DFDC4E38FA09}.Debug|Mixed Platforms.Build.0 = DVD-5
		{BF2C58C5-5D48-4FF4-84AD-DFDC4E38FA09}.Debug|x86.ActiveCfg = DVD-5
		{BF2C58C5-5D48-4FF4-84AD-DFDC4E38FA09}.Debug|x86.Build.0 = DVD-5
		{BF2C58C5-5D48-4FF4-84AD-DFDC4E38FA09}.DVD-5|Any CPU.ActiveCfg = DVD-5
		{BF2C58C5-5D48-4FF4-84AD-DFDC4E38FA09}.DVD-5|Any CPU.Build.0 = DVD-5
		{BF2C58C5-5D48-4FF4-84AD-DFDC4E38FA09}.DVD-5|Mixed Platforms.ActiveCfg = DVD-5
		{BF2C58C5-5D48-4FF4-84AD-DFDC4E38FA09}.DVD-5|Mixed Platforms.Build.0 = DVD-5
		{BF2C58C5-5D48-4FF4-84AD-DFDC4E38FA09}.DVD-5|x86.ActiveCfg = DVD-5
		{BF2C58C5-5D48-4FF4-84AD-DFDC4E38FA09}.DVD-5|x86.Build.0 = DVD-5
		{BF2C58C5-5D48-4FF4-84AD-DFDC4E38FA09}.Release|Any CPU.ActiveCfg = SingleImage
		{BF2C58C5-5D48-4FF4-84AD-DFDC4E38FA09}.Release|Any CPU.Build.0 = SingleImage
		{BF2C58C5-5D48-4FF4-84AD-DFDC4E38FA09}.Release|Mixed Platforms.ActiveCfg = SingleImage
		{BF2C58C5-5D48-4FF4-84AD-DFDC4E38FA09}.Release|Mixed Platforms.Build.0 = SingleImage
		{BF2C58C5-5D48-4FF4-84AD-DFDC4E38FA09}.Release|x86.ActiveCfg = SingleImage
		{BF2C58C5-5D48-4FF4-84AD-DFDC4E38FA09}.Release|x86.Build.0 = SingleImage
		{BF2C58C5-5D48-4FF4-84AD-DFDC4E38FA09}.SingleImage|Any CPU.ActiveCfg = SingleImage
		{BF2C58C5-5D48-4FF4-84AD-DFDC4E38FA09}.SingleImage|Any CPU.Build.0 = SingleImage
		{BF2C58C5-5D48-4FF4-84AD-DFDC4E38FA09}.SingleImage|Mixed Platforms.ActiveCfg = SingleImage
		{BF2C58C5-5D48-4FF4-84AD-DFDC4E38FA09}.SingleImage|Mixed Platforms.Build.0 = SingleImage
		{BF2C58C5-5D48-4FF4-84AD-DFDC4E38FA09}.SingleImage|x86.ActiveCfg = SingleImage
		{BF2C58C5-5D48-4FF4-84AD-DFDC4E38FA09}.SingleImage|x86.Build.0 = SingleImage
		{02193D59-5269-44FC-BA90-E2B2BED0200F}.CD_ROM|Any CPU.ActiveCfg = Release
		{02193D59-5269-44FC-BA90-E2B2BED0200F}.CD_ROM|Mixed Platforms.ActiveCfg = Release
		{02193D59-5269-44FC-BA90-E2B2BED0200F}.CD_ROM|x86.ActiveCfg = Release
		{02193D59-5269-44FC-BA90-E2B2BED0200F}.Debug|Any CPU.ActiveCfg = Debug
		{02193D59-5269-44FC-BA90-E2B2BED0200F}.Debug|Mixed Platforms.ActiveCfg = Debug
		{02193D59-5269-44FC-BA90-E2B2BED0200F}.Debug|x86.ActiveCfg = Debug
		{02193D59-5269-44FC-BA90-E2B2BED0200F}.DVD-5|Any CPU.ActiveCfg = Debug
		{02193D59-5269-44FC-BA90-E2B2BED0200F}.DVD-5|Mixed Platforms.ActiveCfg = Debug
		{02193D59-5269-44FC-BA90-E2B2BED0200F}.DVD-5|x86.ActiveCfg = Debug
		{02193D59-5269-44FC-BA90-E2B2BED0200F}.Release|Any CPU.ActiveCfg = Release
		{02193D59-5269-44FC-BA90-E2B2BED0200F}.Release|Mixed Platforms.ActiveCfg = Release
		{02193D59-5269-44FC-BA90-E2B2BED0200F}.Release|x86.ActiveCfg = Release
		{02193D59-5269-44FC-BA90-E2B2BED0200F}.SingleImage|Any CPU.ActiveCfg = Release
		{02193D59-5269-44FC-BA90-E2B2BED0200F}.SingleImage|Mixed Platforms.ActiveCfg = Release
		{02193D59-5269-44FC-BA90-E2B2BED0200F}.SingleImage|x86.ActiveCfg = Release
	EndGlobalSection
	GlobalSection(SolutionProperties) = preSolution
		HideSolutionNode = FALSE
	EndGlobalSection
	GlobalSection(SubversionScc) = preSolution
		Svn-Managed = True
		Manager = AnkhSVN - Subversion Support for Visual Studio
	EndGlobalSection
	GlobalSection(TestCaseManagementSettings) = postSolution
		CategoryFile = Protell.vsmdi
	EndGlobalSection
EndGlobal
